
Microsoft Visual Studio Solution File, Format Version 12.00
# Visual Studio Version 17
VisualStudioVersion = 17.12.35707.178 d17.12
MinimumVisualStudioVersion = 10.0.40219.1
Project("{FAE04EC0-301F-11D3-BF4B-00C04F79EFBC}") = "WeatherArena", "WeatherArena.csproj", "{B382B09D-90A2-472E-8AAE-9F2E8DBE2084}"
EndProject
Project("{2150E333-8FDC-42A3-9474-1A3956D46DE8}") = "Solution Items", "Solution Items", "{E6DBCB4D-38AA-455D-9578-470CD91E9529}"
EndProject
Global
	GlobalSection(SolutionConfigurationPlatforms) = preSolution
		Debug|Any CPU = Debug|Any CPU
		Release|Any CPU = Release|Any CPU
	EndGlobalSection
	GlobalSection(ProjectConfigurationPlatforms) = postSolution
		{B382B09D-90A2-472E-8AAE-9F2E8DBE2084}.Debug|Any CPU.ActiveCfg = Debug|Any CPU
		{B382B09D-90A2-472E-8AAE-9F2E8DBE2084}.Debug|Any CPU.Build.0 = Debug|Any CPU
		{B382B09D-90A2-472E-8AAE-9F2E8DBE2084}.Release|Any CPU.ActiveCfg = Release|Any CPU
		{B382B09D-90A2-472E-8AAE-9F2E8DBE2084}.Release|Any CPU.Build.0 = Release|Any CPU
	EndGlobalSection
	GlobalSection(SolutionProperties) = preSolution
		HideSolutionNode = FALSE
	EndGlobalSection
EndGlobal
